
Microsoft Visual Studio Solution File, Format Version 12.00
# Visual Studio Version 16
VisualStudioVersion = 16.0.30503.244
MinimumVisualStudioVersion = 10.0.40219.1
Project("{2150E333-8FDC-42A3-9474-1A3956D46DE8}") = "src", "src", "{D8EDAF60-569D-4867-9D64-A018C6CC3AB2}"
EndProject
Project("{2150E333-8FDC-42A3-9474-1A3956D46DE8}") = "Core", "Core", "{567D5C6E-939B-4984-AF69-47EAF37F93B0}"
EndProject
Project("{2150E333-8FDC-42A3-9474-1A3956D46DE8}") = "Services", "Services", "{3A8C5A75-F557-499D-BAB0-2D3A98DB49B6}"
EndProject
Project("{2150E333-8FDC-42A3-9474-1A3956D46DE8}") = "Identidade", "Identidade", "{46BDD09D-1600-4401-8F7D-CF1DEDEAAF7B}"
EndProject
Project("{9A19103F-16F7-4668-BE54-9A1E7A4F7556}") = "ATP.Identidade.API", "src\services\ATP.Identidade.API\ATP.Identidade.API.csproj", "{D916B7AE-2CA6-4CA7-859F-95D4352AC699}"
EndProject
Project("{2150E333-8FDC-42A3-9474-1A3956D46DE8}") = "Fipe", "Fipe", "{FCC479F0-8C55-4161-8220-FE006D3D00D6}"
EndProject
Project("{9A19103F-16F7-4668-BE54-9A1E7A4F7556}") = "ATP.Core", "src\core\ATP.Core\ATP.Core.csproj", "{52F1C749-0C34-4131-B275-010908581F5B}"
EndProject
Project("{9A19103F-16F7-4668-BE54-9A1E7A4F7556}") = "ATP.Core.WebApi", "src\core\ATP.Core.WebApi\ATP.Core.WebApi.csproj", "{8BC2BFF7-759F-48D8-ADE2-2A9CDB96B981}"
EndProject
Project("{9A19103F-16F7-4668-BE54-9A1E7A4F7556}") = "Security.JwtSigningCredentials", "src\services\Terceiros\Security.JwtSigningCredentials\Security.JwtSigningCredentials.csproj", "{633394A4-1BA0-447D-A00A-646D68701FB9}"
EndProject
Project("{9A19103F-16F7-4668-BE54-9A1E7A4F7556}") = "Security.JwtSigningCredentials.AspNetCore", "src\services\Terceiros\Security.JwtSigningCredentials.AspNetCore\Security.JwtSigningCredentials.AspNetCore.csproj", "{4D9A34EE-A735-47FB-BF90-E941601E6D9C}"
EndProject
Project("{9A19103F-16F7-4668-BE54-9A1E7A4F7556}") = "Security.JwtSigningCredentials.Store.EntityFrameworkCore", "src\services\Terceiros\Security.JwtSigningCredentials.Store.EntityFrameworkCore\Security.JwtSigningCredentials.Store.EntityFrameworkCore.csproj", "{8B014A23-15F4-4C2B-8F1D-8808FB935183}"
EndProject
Project("{9A19103F-16F7-4668-BE54-9A1E7A4F7556}") = "ATP.Fipe.API", "src\services\ATP.Fipe.API\ATP.Fipe.API.csproj", "{5A27E957-C161-4327-8460-F1401F41535E}"
EndProject
Project("{2150E333-8FDC-42A3-9474-1A3956D46DE8}") = "tests", "tests", "{4F9770CA-1E06-4C39-B785-EC9562F9BCC1}"
EndProject
Project("{2150E333-8FDC-42A3-9474-1A3956D46DE8}") = "Fipe", "Fipe", "{6768B053-7CD9-46B0-8752-CEE835AD6D00}"
EndProject
Project("{9A19103F-16F7-4668-BE54-9A1E7A4F7556}") = "ATP.Fipe.Services.Tests", "tests\ATP.Fipe.Scrapping.Tests\ATP.Fipe.Services.Tests.csproj", "{69F1D424-FD05-4F11-85C7-128A02DBEB22}"
EndProject
Project("{9A19103F-16F7-4668-BE54-9A1E7A4F7556}") = "ATP.Fipe.Models", "src\services\ATP.Fipe.Models\ATP.Fipe.Models.csproj", "{110FC46D-9D1D-4D4D-A497-61F64A707223}"
EndProject
Project("{9A19103F-16F7-4668-BE54-9A1E7A4F7556}") = "ATP.Fipe.Services", "src\services\ATP.Fipe.Services\ATP.Fipe.Services.csproj", "{606B527A-70D5-430A-B8FF-64945D24C440}"
EndProject
Project("{9A19103F-16F7-4668-BE54-9A1E7A4F7556}") = "ATP.Fipe.Scrapping", "src\services\ATP.Fipe.Scrapping\ATP.Fipe.Scrapping.csproj", "{1DAF4ECF-631C-42C5-B958-86E191669427}"
EndProject
Project("{9A19103F-16F7-4668-BE54-9A1E7A4F7556}") = "ATP.Fipe.Repository", "src\services\ATP.Fipe.Repository\ATP.Fipe.Repository.csproj", "{6966BF00-38ED-4BED-8563-8A368110F26F}"
EndProject
Global
	GlobalSection(SolutionConfigurationPlatforms) = preSolution
		Debug|Any CPU = Debug|Any CPU
		Release|Any CPU = Release|Any CPU
	EndGlobalSection
	GlobalSection(ProjectConfigurationPlatforms) = postSolution
		{D916B7AE-2CA6-4CA7-859F-95D4352AC699}.Debug|Any CPU.ActiveCfg = Debug|Any CPU
		{D916B7AE-2CA6-4CA7-859F-95D4352AC699}.Debug|Any CPU.Build.0 = Debug|Any CPU
		{D916B7AE-2CA6-4CA7-859F-95D4352AC699}.Release|Any CPU.ActiveCfg = Release|Any CPU
		{D916B7AE-2CA6-4CA7-859F-95D4352AC699}.Release|Any CPU.Build.0 = Release|Any CPU
		{52F1C749-0C34-4131-B275-010908581F5B}.Debug|Any CPU.ActiveCfg = Debug|Any CPU
		{52F1C749-0C34-4131-B275-010908581F5B}.Debug|Any CPU.Build.0 = Debug|Any CPU
		{52F1C749-0C34-4131-B275-010908581F5B}.Release|Any CPU.ActiveCfg = Release|Any CPU
		{52F1C749-0C34-4131-B275-010908581F5B}.Release|Any CPU.Build.0 = Release|Any CPU
		{8BC2BFF7-759F-48D8-ADE2-2A9CDB96B981}.Debug|Any CPU.ActiveCfg = Debug|Any CPU
		{8BC2BFF7-759F-48D8-ADE2-2A9CDB96B981}.Debug|Any CPU.Build.0 = Debug|Any CPU
		{8BC2BFF7-759F-48D8-ADE2-2A9CDB96B981}.Release|Any CPU.ActiveCfg = Release|Any CPU
		{8BC2BFF7-759F-48D8-ADE2-2A9CDB96B981}.Release|Any CPU.Build.0 = Release|Any CPU
		{633394A4-1BA0-447D-A00A-646D68701FB9}.Debug|Any CPU.ActiveCfg = Debug|Any CPU
		{633394A4-1BA0-447D-A00A-646D68701FB9}.Debug|Any CPU.Build.0 = Debug|Any CPU
		{633394A4-1BA0-447D-A00A-646D68701FB9}.Release|Any CPU.ActiveCfg = Release|Any CPU
		{633394A4-1BA0-447D-A00A-646D68701FB9}.Release|Any CPU.Build.0 = Release|Any CPU
		{4D9A34EE-A735-47FB-BF90-E941601E6D9C}.Debug|Any CPU.ActiveCfg = Debug|Any CPU
		{4D9A34EE-A735-47FB-BF90-E941601E6D9C}.Debug|Any CPU.Build.0 = Debug|Any CPU
		{4D9A34EE-A735-47FB-BF90-E941601E6D9C}.Release|Any CPU.ActiveCfg = Release|Any CPU
		{4D9A34EE-A735-47FB-BF90-E941601E6D9C}.Release|Any CPU.Build.0 = Release|Any CPU
		{8B014A23-15F4-4C2B-8F1D-8808FB935183}.Debug|Any CPU.ActiveCfg = Debug|Any CPU
		{8B014A23-15F4-4C2B-8F1D-8808FB935183}.Debug|Any CPU.Build.0 = Debug|Any CPU
		{8B014A23-15F4-4C2B-8F1D-8808FB935183}.Release|Any CPU.ActiveCfg = Release|Any CPU
		{8B014A23-15F4-4C2B-8F1D-8808FB935183}.Release|Any CPU.Build.0 = Release|Any CPU
		{5A27E957-C161-4327-8460-F1401F41535E}.Debug|Any CPU.ActiveCfg = Debug|Any CPU
		{5A27E957-C161-4327-8460-F1401F41535E}.Debug|Any CPU.Build.0 = Debug|Any CPU
		{5A27E957-C161-4327-8460-F1401F41535E}.Release|Any CPU.ActiveCfg = Release|Any CPU
		{5A27E957-C161-4327-8460-F1401F41535E}.Release|Any CPU.Build.0 = Release|Any CPU
		{69F1D424-FD05-4F11-85C7-128A02DBEB22}.Debug|Any CPU.ActiveCfg = Debug|Any CPU
		{69F1D424-FD05-4F11-85C7-128A02DBEB22}.Debug|Any CPU.Build.0 = Debug|Any CPU
		{69F1D424-FD05-4F11-85C7-128A02DBEB22}.Release|Any CPU.ActiveCfg = Release|Any CPU
		{69F1D424-FD05-4F11-85C7-128A02DBEB22}.Release|Any CPU.Build.0 = Release|Any CPU
		{110FC46D-9D1D-4D4D-A497-61F64A707223}.Debug|Any CPU.ActiveCfg = Debug|Any CPU
		{110FC46D-9D1D-4D4D-A497-61F64A707223}.Debug|Any CPU.Build.0 = Debug|Any CPU
		{110FC46D-9D1D-4D4D-A497-61F64A707223}.Release|Any CPU.ActiveCfg = Release|Any CPU
		{110FC46D-9D1D-4D4D-A497-61F64A707223}.Release|Any CPU.Build.0 = Release|Any CPU
		{606B527A-70D5-430A-B8FF-64945D24C440}.Debug|Any CPU.ActiveCfg = Debug|Any CPU
		{606B527A-70D5-430A-B8FF-64945D24C440}.Debug|Any CPU.Build.0 = Debug|Any CPU
		{606B527A-70D5-430A-B8FF-64945D24C440}.Release|Any CPU.ActiveCfg = Release|Any CPU
		{606B527A-70D5-430A-B8FF-64945D24C440}.Release|Any CPU.Build.0 = Release|Any CPU
		{1DAF4ECF-631C-42C5-B958-86E191669427}.Debug|Any CPU.ActiveCfg = Debug|Any CPU
		{1DAF4ECF-631C-42C5-B958-86E191669427}.Debug|Any CPU.Build.0 = Debug|Any CPU
		{1DAF4ECF-631C-42C5-B958-86E191669427}.Release|Any CPU.ActiveCfg = Release|Any CPU
		{1DAF4ECF-631C-42C5-B958-86E191669427}.Release|Any CPU.Build.0 = Release|Any CPU
		{6966BF00-38ED-4BED-8563-8A368110F26F}.Debug|Any CPU.ActiveCfg = Debug|Any CPU
		{6966BF00-38ED-4BED-8563-8A368110F26F}.Debug|Any CPU.Build.0 = Debug|Any CPU
		{6966BF00-38ED-4BED-8563-8A368110F26F}.Release|Any CPU.ActiveCfg = Release|Any CPU
		{6966BF00-38ED-4BED-8563-8A368110F26F}.Release|Any CPU.Build.0 = Release|Any CPU
	EndGlobalSection
	GlobalSection(SolutionProperties) = preSolution
		HideSolutionNode = FALSE
	EndGlobalSection
	GlobalSection(NestedProjects) = preSolution
		{567D5C6E-939B-4984-AF69-47EAF37F93B0} = {D8EDAF60-569D-4867-9D64-A018C6CC3AB2}
		{3A8C5A75-F557-499D-BAB0-2D3A98DB49B6} = {D8EDAF60-569D-4867-9D64-A018C6CC3AB2}
		{46BDD09D-1600-4401-8F7D-CF1DEDEAAF7B} = {3A8C5A75-F557-499D-BAB0-2D3A98DB49B6}
		{D916B7AE-2CA6-4CA7-859F-95D4352AC699} = {46BDD09D-1600-4401-8F7D-CF1DEDEAAF7B}
		{FCC479F0-8C55-4161-8220-FE006D3D00D6} = {3A8C5A75-F557-499D-BAB0-2D3A98DB49B6}
		{52F1C749-0C34-4131-B275-010908581F5B} = {567D5C6E-939B-4984-AF69-47EAF37F93B0}
		{8BC2BFF7-759F-48D8-ADE2-2A9CDB96B981} = {567D5C6E-939B-4984-AF69-47EAF37F93B0}
		{633394A4-1BA0-447D-A00A-646D68701FB9} = {46BDD09D-1600-4401-8F7D-CF1DEDEAAF7B}
		{4D9A34EE-A735-47FB-BF90-E941601E6D9C} = {46BDD09D-1600-4401-8F7D-CF1DEDEAAF7B}
		{8B014A23-15F4-4C2B-8F1D-8808FB935183} = {46BDD09D-1600-4401-8F7D-CF1DEDEAAF7B}
		{5A27E957-C161-4327-8460-F1401F41535E} = {FCC479F0-8C55-4161-8220-FE006D3D00D6}
		{6768B053-7CD9-46B0-8752-CEE835AD6D00} = {4F9770CA-1E06-4C39-B785-EC9562F9BCC1}
		{69F1D424-FD05-4F11-85C7-128A02DBEB22} = {6768B053-7CD9-46B0-8752-CEE835AD6D00}
		{110FC46D-9D1D-4D4D-A497-61F64A707223} = {FCC479F0-8C55-4161-8220-FE006D3D00D6}
		{606B527A-70D5-430A-B8FF-64945D24C440} = {FCC479F0-8C55-4161-8220-FE006D3D00D6}
		{1DAF4ECF-631C-42C5-B958-86E191669427} = {FCC479F0-8C55-4161-8220-FE006D3D00D6}
		{6966BF00-38ED-4BED-8563-8A368110F26F} = {FCC479F0-8C55-4161-8220-FE006D3D00D6}
	EndGlobalSection
	GlobalSection(ExtensibilityGlobals) = postSolution
		SolutionGuid = {CA134AFE-F9FE-41A0-9D98-16D8E4312925}
	EndGlobalSection
EndGlobal
